
Microsoft Visual Studio Solution File, Format Version 12.00
# Visual Studio Version 17
VisualStudioVersion = 17.4.33205.214
MinimumVisualStudioVersion = 10.0.40219.1
Project("{FAE04EC0-301F-11D3-BF4B-00C04F79EFBC}") = "AdventureWorksAspMvcUI", "AdventureWorksAspMvcUI\AdventureWorksAspMvcUI.csproj", "{22FEBC24-B462-4049-AE58-12860406CDF8}"
EndProject
Project("{FAE04EC0-301F-11D3-BF4B-00C04F79EFBC}") = "AdventureWorksAspMvcClassLibrary", "AdventureWorksAspMvcClassLibrary\AdventureWorksAspMvcClassLibrary.csproj", "{2A69019C-6728-44EF-863D-E54E8E8CD1F6}"
EndProject
Global
	GlobalSection(SolutionConfigurationPlatforms) = preSolution
		Debug|Any CPU = Debug|Any CPU
		Release|Any CPU = Release|Any CPU
	EndGlobalSection
	GlobalSection(ProjectConfigurationPlatforms) = postSolution
		{22FEBC24-B462-4049-AE58-12860406CDF8}.Debug|Any CPU.ActiveCfg = Debug|Any CPU
		{22FEBC24-B462-4049-AE58-12860406CDF8}.Debug|Any CPU.Build.0 = Debug|Any CPU
		{22FEBC24-B462-4049-AE58-12860406CDF8}.Release|Any CPU.ActiveCfg = Release|Any CPU
		{22FEBC24-B462-4049-AE58-12860406CDF8}.Release|Any CPU.Build.0 = Release|Any CPU
		{2A69019C-6728-44EF-863D-E54E8E8CD1F6}.Debug|Any CPU.ActiveCfg = Debug|Any CPU
		{2A69019C-6728-44EF-863D-E54E8E8CD1F6}.Debug|Any CPU.Build.0 = Debug|Any CPU
		{2A69019C-6728-44EF-863D-E54E8E8CD1F6}.Release|Any CPU.ActiveCfg = Release|Any CPU
		{2A69019C-6728-44EF-863D-E54E8E8CD1F6}.Release|Any CPU.Build.0 = Release|Any CPU
	EndGlobalSection
	GlobalSection(SolutionProperties) = preSolution
		HideSolutionNode = FALSE
	EndGlobalSection
	GlobalSection(ExtensibilityGlobals) = postSolution
		SolutionGuid = {BCB1FC89-0DBD-4783-B8D6-1FC5D9ADF688}
	EndGlobalSection
EndGlobal
